
Microsoft Visual Studio Solution File, Format Version 12.00
# Visual Studio Version 17
VisualStudioVersion = 17.4.33205.214
MinimumVisualStudioVersion = 10.0.40219.1
Project("{9A19103F-16F7-4668-BE54-9A1E7A4F7556}") = "Rms.Service.Bootstrap", "Rms.Service.Bootstrap\Rms.Service.Bootstrap.csproj", "{5A2692C5-EBEA-4E63-8C70-AB306B1461A5}"
EndProject
Project("{9A19103F-16F7-4668-BE54-9A1E7A4F7556}") = "Rms.Risk.Mango", "Rms.Risk.Mango\Rms.Risk.Mango.csproj", "{5CE27A2D-3F62-4C7A-9968-401410AB8E64}"
EndProject
Project("{FAE04EC0-301F-11D3-BF4B-00C04F79EFBC}") = "Rms.Risk.Mango.Pivot.Core", "Rms.Risk.Mango.Pivot.Core\Rms.Risk.Mango.Pivot.Core.csproj", "{1976D7BD-8698-4B0E-AFC8-6E4399077B37}"
EndProject
Project("{FAE04EC0-301F-11D3-BF4B-00C04F79EFBC}") = "Rms.Risk.Mango.Language", "Rms.Risk.Mango.Language\Rms.Risk.Mango.Language.csproj", "{ED34B98A-E26D-480B-A406-222FC03B4168}"
EndProject
Project("{FAE04EC0-301F-11D3-BF4B-00C04F79EFBC}") = "Tests.Rms.Risk.Mango.Language", "Tests.Rms.Risk.Mango.Language\Tests.Rms.Risk.Mango.Language.csproj", "{D4F40BEF-8FAD-4071-8C0A-94902B19A1AF}"
EndProject
Project("{FAE04EC0-301F-11D3-BF4B-00C04F79EFBC}") = "Rms.Risk.Mango.Pivot.UI", "Rms.Risk.Mango.Pivot.UI\Rms.Risk.Mango.Pivot.UI.csproj", "{2A51AEB2-AD69-461D-9405-8FC073590195}"
EndProject
Project("{FAE04EC0-301F-11D3-BF4B-00C04F79EFBC}") = "Tests.Rms.Risk.Mango", "Tests.Rms.Risk.Mango\Tests.Rms.Risk.Mango.csproj", "{43FAFA19-8297-413B-A1E6-D44351FF713E}"
EndProject
Project("{FAE04EC0-301F-11D3-BF4B-00C04F79EFBC}") = "Rms.Risk.Mango.Interfaces", "Rms.Risk.Mango.Interfaces\Rms.Risk.Mango.Interfaces.csproj", "{674613D4-0EFE-42B0-B1E5-D46867DD0DCD}"
EndProject
Project("{FAE04EC0-301F-11D3-BF4B-00C04F79EFBC}") = "Rms.Risk.Mango.Db.Plugin", "Resources\Rms.Risk.Mango.Db.Plugin\Rms.Risk.Mango.Db.Plugin.csproj", "{A8181AA6-F92B-46BB-B2A8-FCE385DE90E2}"
EndProject
Project("{2150E333-8FDC-42A3-9474-1A3956D46DE8}") = "Solution Items", "Solution Items", "{8EC462FD-D22E-90A8-E5CE-7E832BA40C5D}"
	ProjectSection(SolutionItems) = preProject
		APACHE-2.0.md = APACHE-2.0.md
		COPYRIGHT.txt = COPYRIGHT.txt
		OSS-LICENSES.md = OSS-LICENSES.md
		README.md = README.md
	EndProjectSection
EndProject
Project("{FAE04EC0-301F-11D3-BF4B-00C04F79EFBC}") = "Resources", "Resources\Resources.csproj", "{61585738-A726-2BEB-69E8-040F08657BC9}"
EndProject
Global
	GlobalSection(SolutionConfigurationPlatforms) = preSolution
		Debug|Any CPU = Debug|Any CPU
		Debug|x64 = Debug|x64
		Debug|x86 = Debug|x86
		Release|Any CPU = Release|Any CPU
		Release|x64 = Release|x64
		Release|x86 = Release|x86
	EndGlobalSection
	GlobalSection(ProjectConfigurationPlatforms) = postSolution
		{5A2692C5-EBEA-4E63-8C70-AB306B1461A5}.Debug|Any CPU.ActiveCfg = Debug|Any CPU
		{5A2692C5-EBEA-4E63-8C70-AB306B1461A5}.Debug|Any CPU.Build.0 = Debug|Any CPU
		{5A2692C5-EBEA-4E63-8C70-AB306B1461A5}.Debug|x64.ActiveCfg = Debug|Any CPU
		{5A2692C5-EBEA-4E63-8C70-AB306B1461A5}.Debug|x64.Build.0 = Debug|Any CPU
		{5A2692C5-EBEA-4E63-8C70-AB306B1461A5}.Debug|x86.ActiveCfg = Debug|Any CPU
		{5A2692C5-EBEA-4E63-8C70-AB306B1461A5}.Debug|x86.Build.0 = Debug|Any CPU
		{5A2692C5-EBEA-4E63-8C70-AB306B1461A5}.Release|Any CPU.ActiveCfg = Release|Any CPU
		{5A2692C5-EBEA-4E63-8C70-AB306B1461A5}.Release|Any CPU.Build.0 = Release|Any CPU
		{5A2692C5-EBEA-4E63-8C70-AB306B1461A5}.Release|x64.ActiveCfg = Release|Any CPU
		{5A2692C5-EBEA-4E63-8C70-AB306B1461A5}.Release|x64.Build.0 = Release|Any CPU
		{5A2692C5-EBEA-4E63-8C70-AB306B1461A5}.Release|x86.ActiveCfg = Release|Any CPU
		{5A2692C5-EBEA-4E63-8C70-AB306B1461A5}.Release|x86.Build.0 = Release|Any CPU
		{5CE27A2D-3F62-4C7A-9968-401410AB8E64}.Debug|Any CPU.ActiveCfg = Debug|Any CPU
		{5CE27A2D-3F62-4C7A-9968-401410AB8E64}.Debug|Any CPU.Build.0 = Debug|Any CPU
		{5CE27A2D-3F62-4C7A-9968-401410AB8E64}.Debug|x64.ActiveCfg = Debug|Any CPU
		{5CE27A2D-3F62-4C7A-9968-401410AB8E64}.Debug|x64.Build.0 = Debug|Any CPU
		{5CE27A2D-3F62-4C7A-9968-401410AB8E64}.Debug|x86.ActiveCfg = Debug|Any CPU
		{5CE27A2D-3F62-4C7A-9968-401410AB8E64}.Debug|x86.Build.0 = Debug|Any CPU
		{5CE27A2D-3F62-4C7A-9968-401410AB8E64}.Release|Any CPU.ActiveCfg = Release|Any CPU
		{5CE27A2D-3F62-4C7A-9968-401410AB8E64}.Release|Any CPU.Build.0 = Release|Any CPU
		{5CE27A2D-3F62-4C7A-9968-401410AB8E64}.Release|x64.ActiveCfg = Release|Any CPU
		{5CE27A2D-3F62-4C7A-9968-401410AB8E64}.Release|x64.Build.0 = Release|Any CPU
		{5CE27A2D-3F62-4C7A-9968-401410AB8E64}.Release|x86.ActiveCfg = Release|Any CPU
		{5CE27A2D-3F62-4C7A-9968-401410AB8E64}.Release|x86.Build.0 = Release|Any CPU
		{1976D7BD-8698-4B0E-AFC8-6E4399077B37}.Debug|Any CPU.ActiveCfg = Debug|Any CPU
		{1976D7BD-8698-4B0E-AFC8-6E4399077B37}.Debug|Any CPU.Build.0 = Debug|Any CPU
		{1976D7BD-8698-4B0E-AFC8-6E4399077B37}.Debug|x64.ActiveCfg = Debug|Any CPU
		{1976D7BD-8698-4B0E-AFC8-6E4399077B37}.Debug|x64.Build.0 = Debug|Any CPU
		{1976D7BD-8698-4B0E-AFC8-6E4399077B37}.Debug|x86.ActiveCfg = Debug|Any CPU
		{1976D7BD-8698-4B0E-AFC8-6E4399077B37}.Debug|x86.Build.0 = Debug|Any CPU
		{1976D7BD-8698-4B0E-AFC8-6E4399077B37}.Release|Any CPU.ActiveCfg = Release|Any CPU
		{1976D7BD-8698-4B0E-AFC8-6E4399077B37}.Release|Any CPU.Build.0 = Release|Any CPU
		{1976D7BD-8698-4B0E-AFC8-6E4399077B37}.Release|x64.ActiveCfg = Release|Any CPU
		{1976D7BD-8698-4B0E-AFC8-6E4399077B37}.Release|x64.Build.0 = Release|Any CPU
		{1976D7BD-8698-4B0E-AFC8-6E4399077B37}.Release|x86.ActiveCfg = Release|Any CPU
		{1976D7BD-8698-4B0E-AFC8-6E4399077B37}.Release|x86.Build.0 = Release|Any CPU
		{ED34B98A-E26D-480B-A406-222FC03B4168}.Debug|Any CPU.ActiveCfg = Debug|Any CPU
		{ED34B98A-E26D-480B-A406-222FC03B4168}.Debug|Any CPU.Build.0 = Debug|Any CPU
		{ED34B98A-E26D-480B-A406-222FC03B4168}.Debug|x64.ActiveCfg = Debug|Any CPU
		{ED34B98A-E26D-480B-A406-222FC03B4168}.Debug|x64.Build.0 = Debug|Any CPU
		{ED34B98A-E26D-480B-A406-222FC03B4168}.Debug|x86.ActiveCfg = Debug|Any CPU
		{ED34B98A-E26D-480B-A406-222FC03B4168}.Debug|x86.Build.0 = Debug|Any CPU
		{ED34B98A-E26D-480B-A406-222FC03B4168}.Release|Any CPU.ActiveCfg = Release|Any CPU
		{ED34B98A-E26D-480B-A406-222FC03B4168}.Release|Any CPU.Build.0 = Release|Any CPU
		{ED34B98A-E26D-480B-A406-222FC03B4168}.Release|x64.ActiveCfg = Release|Any CPU
		{ED34B98A-E26D-480B-A406-222FC03B4168}.Release|x64.Build.0 = Release|Any CPU
		{ED34B98A-E26D-480B-A406-222FC03B4168}.Release|x86.ActiveCfg = Release|Any CPU
		{ED34B98A-E26D-480B-A406-222FC03B4168}.Release|x86.Build.0 = Release|Any CPU
		{D4F40BEF-8FAD-4071-8C0A-94902B19A1AF}.Debug|Any CPU.ActiveCfg = Debug|Any CPU
		{D4F40BEF-8FAD-4071-8C0A-94902B19A1AF}.Debug|Any CPU.Build.0 = Debug|Any CPU
		{D4F40BEF-8FAD-4071-8C0A-94902B19A1AF}.Debug|x64.ActiveCfg = Debug|Any CPU
		{D4F40BEF-8FAD-4071-8C0A-94902B19A1AF}.Debug|x64.Build.0 = Debug|Any CPU
		{D4F40BEF-8FAD-4071-8C0A-94902B19A1AF}.Debug|x86.ActiveCfg = Debug|Any CPU
		{D4F40BEF-8FAD-4071-8C0A-94902B19A1AF}.Debug|x86.Build.0 = Debug|Any CPU
		{D4F40BEF-8FAD-4071-8C0A-94902B19A1AF}.Release|Any CPU.ActiveCfg = Release|Any CPU
		{D4F40BEF-8FAD-4071-8C0A-94902B19A1AF}.Release|Any CPU.Build.0 = Release|Any CPU
		{D4F40BEF-8FAD-4071-8C0A-94902B19A1AF}.Release|x64.ActiveCfg = Release|Any CPU
		{D4F40BEF-8FAD-4071-8C0A-94902B19A1AF}.Release|x64.Build.0 = Release|Any CPU
		{D4F40BEF-8FAD-4071-8C0A-94902B19A1AF}.Release|x86.ActiveCfg = Release|Any CPU
		{D4F40BEF-8FAD-4071-8C0A-94902B19A1AF}.Release|x86.Build.0 = Release|Any CPU
		{2A51AEB2-AD69-461D-9405-8FC073590195}.Debug|Any CPU.ActiveCfg = Debug|Any CPU
		{2A51AEB2-AD69-461D-9405-8FC073590195}.Debug|Any CPU.Build.0 = Debug|Any CPU
		{2A51AEB2-AD69-461D-9405-8FC073590195}.Debug|x64.ActiveCfg = Debug|Any CPU
		{2A51AEB2-AD69-461D-9405-8FC073590195}.Debug|x64.Build.0 = Debug|Any CPU
		{2A51AEB2-AD69-461D-9405-8FC073590195}.Debug|x86.ActiveCfg = Debug|Any CPU
		{2A51AEB2-AD69-461D-9405-8FC073590195}.Debug|x86.Build.0 = Debug|Any CPU
		{2A51AEB2-AD69-461D-9405-8FC073590195}.Release|Any CPU.ActiveCfg = Release|Any CPU
		{2A51AEB2-AD69-461D-9405-8FC073590195}.Release|Any CPU.Build.0 = Release|Any CPU
		{2A51AEB2-AD69-461D-9405-8FC073590195}.Release|x64.ActiveCfg = Release|Any CPU
		{2A51AEB2-AD69-461D-9405-8FC073590195}.Release|x64.Build.0 = Release|Any CPU
		{2A51AEB2-AD69-461D-9405-8FC073590195}.Release|x86.ActiveCfg = Release|Any CPU
		{2A51AEB2-AD69-461D-9405-8FC073590195}.Release|x86.Build.0 = Release|Any CPU
		{43FAFA19-8297-413B-A1E6-D44351FF713E}.Debug|Any CPU.ActiveCfg = Debug|Any CPU
		{43FAFA19-8297-413B-A1E6-D44351FF713E}.Debug|Any CPU.Build.0 = Debug|Any CPU
		{43FAFA19-8297-413B-A1E6-D44351FF713E}.Debug|x64.ActiveCfg = Debug|Any CPU
		{43FAFA19-8297-413B-A1E6-D44351FF713E}.Debug|x64.Build.0 = Debug|Any CPU
		{43FAFA19-8297-413B-A1E6-D44351FF713E}.Debug|x86.ActiveCfg = Debug|Any CPU
		{43FAFA19-8297-413B-A1E6-D44351FF713E}.Debug|x86.Build.0 = Debug|Any CPU
		{43FAFA19-8297-413B-A1E6-D44351FF713E}.Release|Any CPU.ActiveCfg = Release|Any CPU
		{43FAFA19-8297-413B-A1E6-D44351FF713E}.Release|Any CPU.Build.0 = Release|Any CPU
		{43FAFA19-8297-413B-A1E6-D44351FF713E}.Release|x64.ActiveCfg = Release|Any CPU
		{43FAFA19-8297-413B-A1E6-D44351FF713E}.Release|x64.Build.0 = Release|Any CPU
		{43FAFA19-8297-413B-A1E6-D44351FF713E}.Release|x86.ActiveCfg = Release|Any CPU
		{43FAFA19-8297-413B-A1E6-D44351FF713E}.Release|x86.Build.0 = Release|Any CPU
		{674613D4-0EFE-42B0-B1E5-D46867DD0DCD}.Debug|Any CPU.ActiveCfg = Debug|Any CPU
		{674613D4-0EFE-42B0-B1E5-D46867DD0DCD}.Debug|Any CPU.Build.0 = Debug|Any CPU
		{674613D4-0EFE-42B0-B1E5-D46867DD0DCD}.Debug|x64.ActiveCfg = Debug|Any CPU
		{674613D4-0EFE-42B0-B1E5-D46867DD0DCD}.Debug|x64.Build.0 = Debug|Any CPU
		{674613D4-0EFE-42B0-B1E5-D46867DD0DCD}.Debug|x86.ActiveCfg = Debug|Any CPU
		{674613D4-0EFE-42B0-B1E5-D46867DD0DCD}.Debug|x86.Build.0 = Debug|Any CPU
		{674613D4-0EFE-42B0-B1E5-D46867DD0DCD}.Release|Any CPU.ActiveCfg = Release|Any CPU
		{674613D4-0EFE-42B0-B1E5-D46867DD0DCD}.Release|Any CPU.Build.0 = Release|Any CPU
		{674613D4-0EFE-42B0-B1E5-D46867DD0DCD}.Release|x64.ActiveCfg = Release|Any CPU
		{674613D4-0EFE-42B0-B1E5-D46867DD0DCD}.Release|x64.Build.0 = Release|Any CPU
		{674613D4-0EFE-42B0-B1E5-D46867DD0DCD}.Release|x86.ActiveCfg = Release|Any CPU
		{674613D4-0EFE-42B0-B1E5-D46867DD0DCD}.Release|x86.Build.0 = Release|Any CPU
		{A8181AA6-F92B-46BB-B2A8-FCE385DE90E2}.Debug|Any CPU.ActiveCfg = Debug|Any CPU
		{A8181AA6-F92B-46BB-B2A8-FCE385DE90E2}.Debug|Any CPU.Build.0 = Debug|Any CPU
		{A8181AA6-F92B-46BB-B2A8-FCE385DE90E2}.Debug|x64.ActiveCfg = Debug|Any CPU
		{A8181AA6-F92B-46BB-B2A8-FCE385DE90E2}.Debug|x64.Build.0 = Debug|Any CPU
		{A8181AA6-F92B-46BB-B2A8-FCE385DE90E2}.Debug|x86.ActiveCfg = Debug|Any CPU
		{A8181AA6-F92B-46BB-B2A8-FCE385DE90E2}.Debug|x86.Build.0 = Debug|Any CPU
		{A8181AA6-F92B-46BB-B2A8-FCE385DE90E2}.Release|Any CPU.ActiveCfg = Release|Any CPU
		{A8181AA6-F92B-46BB-B2A8-FCE385DE90E2}.Release|Any CPU.Build.0 = Release|Any CPU
		{A8181AA6-F92B-46BB-B2A8-FCE385DE90E2}.Release|x64.ActiveCfg = Release|Any CPU
		{A8181AA6-F92B-46BB-B2A8-FCE385DE90E2}.Release|x64.Build.0 = Release|Any CPU
		{A8181AA6-F92B-46BB-B2A8-FCE385DE90E2}.Release|x86.ActiveCfg = Release|Any CPU
		{A8181AA6-F92B-46BB-B2A8-FCE385DE90E2}.Release|x86.Build.0 = Release|Any CPU
		{61585738-A726-2BEB-69E8-040F08657BC9}.Debug|Any CPU.ActiveCfg = Debug|Any CPU
		{61585738-A726-2BEB-69E8-040F08657BC9}.Debug|Any CPU.Build.0 = Debug|Any CPU
		{61585738-A726-2BEB-69E8-040F08657BC9}.Debug|x64.ActiveCfg = Debug|Any CPU
		{61585738-A726-2BEB-69E8-040F08657BC9}.Debug|x64.Build.0 = Debug|Any CPU
		{61585738-A726-2BEB-69E8-040F08657BC9}.Debug|x86.ActiveCfg = Debug|Any CPU
		{61585738-A726-2BEB-69E8-040F08657BC9}.Debug|x86.Build.0 = Debug|Any CPU
		{61585738-A726-2BEB-69E8-040F08657BC9}.Release|Any CPU.ActiveCfg = Release|Any CPU
		{61585738-A726-2BEB-69E8-040F08657BC9}.Release|Any CPU.Build.0 = Release|Any CPU
		{61585738-A726-2BEB-69E8-040F08657BC9}.Release|x64.ActiveCfg = Release|Any CPU
		{61585738-A726-2BEB-69E8-040F08657BC9}.Release|x64.Build.0 = Release|Any CPU
		{61585738-A726-2BEB-69E8-040F08657BC9}.Release|x86.ActiveCfg = Release|Any CPU
		{61585738-A726-2BEB-69E8-040F08657BC9}.Release|x86.Build.0 = Release|Any CPU
	EndGlobalSection
	GlobalSection(SolutionProperties) = preSolution
		HideSolutionNode = FALSE
	EndGlobalSection
	GlobalSection(ExtensibilityGlobals) = postSolution
		SolutionGuid = {55357B6D-815D-4940-8BFC-AE8E2C8788E2}
	EndGlobalSection
EndGlobal
